{
  "name": "html2docx",
  "version": "1.0.0",
  "lockfileVersion": 3,
  "requires": true,
  "packages": {
    "": {
      "name": "html2docx",
      "version": "1.0.0",
      "license": "ISC",
      "dependencies": {
        "total4": "^0.0.71"
      }
    },
    "node_modules/total4": {
      "version": "0.0.71",
      "resolved": "https://registry.npmjs.org/total4/-/total4-0.0.71.tgz",
      "integrity": "sha512-/A7fte7ixaYrhzD3Ab4s0tgsXKf9TLN7i6MugDoJl/qA9k5ieGbST3O8Zw06wRveyK9pvPFooGHBj6czxH544Q==",
      "bin": {
        "total4": "bin/total4"
      }
    }
  }
}
